GEM
  remote: https://rubygems.org/
  specs:
    base64 (0.3.0)
    connection_pool (3.0.2)
    ffi (1.17.4-aarch64-linux-gnu)
    ffi (1.17.4-aarch64-linux-musl)
    ffi (1.17.4-arm64-darwin)
    ffi (1.17.4-x86_64-darwin)
    ffi (1.17.4-x86_64-linux-gnu)
    ffi (1.17.4-x86_64-linux-musl)
    informers (1.3.0)
      onnxruntime (>= 0.9)
      tokenizers (>= 0.6)
    onnxruntime (0.11.3-aarch64-linux)
      ffi
    onnxruntime (0.11.3-arm64-darwin)
      ffi
    onnxruntime (0.11.3-x86_64-darwin)
      ffi
    onnxruntime (0.11.3-x86_64-linux)
      ffi
    redis (5.4.1)
      redis-client (>= 0.22.0)
    redis-client (0.29.0)
      connection_pool
    tokenizers (0.7.0-aarch64-linux)
    tokenizers (0.7.0-aarch64-linux-musl)
    tokenizers (0.7.0-arm64-darwin)
    tokenizers (0.7.0-x86_64-darwin)
    tokenizers (0.7.0-x86_64-linux)
    tokenizers (0.7.0-x86_64-linux-musl)
    webrick (1.9.2)

PLATFORMS
  aarch64-linux
  aarch64-linux-gnu
  aarch64-linux-musl
  arm64-darwin
  x86_64-darwin
  x86_64-linux
  x86_64-linux-gnu
  x86_64-linux-musl

DEPENDENCIES
  base64 (~> 0.2)
  informers (~> 1.3)
  redis (~> 5.0)
  webrick (~> 1.8)

CHECKSUMS
  base64 (0.3.0) sha256=27337aeabad6ffae05c265c450490628ef3ebd4b67be58257393227588f5a97b
  connection_pool (3.0.2) sha256=33fff5ba71a12d2aa26cb72b1db8bba2a1a01823559fb01d29eb74c286e62e0a
  ffi (1.17.4-aarch64-linux-gnu) sha256=b208f06f91ffd8f5e1193da3cae3d2ccfc27fc36fba577baf698d26d91c080df
  ffi (1.17.4-aarch64-linux-musl) sha256=9286b7a615f2676245283aef0a0a3b475ae3aae2bb5448baace630bb77b91f39
  ffi (1.17.4-arm64-darwin) sha256=19071aaf1419251b0a46852abf960e77330a3b334d13a4ab51d58b31a937001b
  ffi (1.17.4-x86_64-darwin) sha256=aa70390523cf3235096cf64962b709b4cfbd5c082a2cb2ae714eb0fe2ccda496
  ffi (1.17.4-x86_64-linux-gnu) sha256=9d3db14c2eae074b382fa9c083fe95aec6e0a1451da249eab096c34002bc752d
  ffi (1.17.4-x86_64-linux-musl) sha256=3fdf9888483de005f8ef8d1cf2d3b20d86626af206cbf780f6a6a12439a9c49e
  informers (1.3.0) sha256=7d8ea9f6c32ecd4519ccbf8b2d89e9ecfa7c7916700020926c21926d6506de83
  onnxruntime (0.11.3-aarch64-linux) sha256=d1b8477fcdbf7c4a8c05337bf8f8d782b81ffadaa11712b2b97a14a45288eb75
  onnxruntime (0.11.3-arm64-darwin) sha256=3b58c620809bc551c8d8b9c54683ac8e85936177b426e329dd5368411fd099ab
  onnxruntime (0.11.3-x86_64-darwin) sha256=d585c8419f1d17f6098e569464947ec8926221cf0cb456716893bca858eda0a1
  onnxruntime (0.11.3-x86_64-linux) sha256=c46c30610d18c7051ad71f54a95a1518845dc0192384c2dfb54cc273d3c8e816
  redis (5.4.1) sha256=b5e675b57ad22b15c9bcc765d5ac26f60b675408af916d31527af9bd5a81faae
  redis-client (0.29.0) sha256=0c65bf1f8f6dca22063ddb085c0bb2054feef6f03a84869f4161b18a9a15bea3
  tokenizers (0.7.0-aarch64-linux) sha256=c7cc43f4144d02e8db3a7d743725e38144f357d3f225373ef3a732869b057b2e
  tokenizers (0.7.0-aarch64-linux-musl) sha256=f8b38535be37a044d7b119a65b2966b09c5493fdfd6eaf850b0f3c4f37fd81fa
  tokenizers (0.7.0-arm64-darwin) sha256=a54883b2fe7ca83a9275284a30edeb12376a1fe1af6b9be6bf9693ef202eac82
  tokenizers (0.7.0-x86_64-darwin) sha256=e67366c1d35e34b6fa406b1fbb528411fe229c5f12cdf05fc7f68269dcc1b8ea
  tokenizers (0.7.0-x86_64-linux) sha256=a795e5026ccf6f6340195789c48ff8c9c26462c75feb3b2971e26aef3118d842
  tokenizers (0.7.0-x86_64-linux-musl) sha256=c2409219bb97772ae3117671d62d5c021a5db9cf7212b3cf09a15a7cc8828989
  webrick (1.9.2) sha256=beb4a15fc474defed24a3bda4ffd88a490d517c9e4e6118c3edce59e45864131

BUNDLED WITH
  4.0.7
